
Microsoft Visual Studio Solution File, Format Version 12.00
# Visual Studio Version 17
VisualStudioVersion = 17.7.34031.279
MinimumVisualStudioVersion = 10.0.40219.1
Project("{FAE04EC0-301F-11D3-BF4B-00C04F79EFBC}") = "Calculator", "Calculator\Calculator.csproj", "{B88619A1-4773-4FC4-A2C4-1810F163395F}"
EndProject
Global
	GlobalSection(SolutionConfigurationPlatforms) = preSolution
		Debug|Any CPU = Debug|Any CPU
		Release|Any CPU = Release|Any CPU
	EndGlobalSection
	GlobalSection(ProjectConfigurationPlatforms) = postSolution
		{B88619A1-4773-4FC4-A2C4-1810F163395F}.Debug|Any CPU.ActiveCfg = Debug|Any CPU
		{B88619A1-4773-4FC4-A2C4-1810F163395F}.Debug|Any CPU.Build.0 = Debug|Any CPU
		{B88619A1-4773-4FC4-A2C4-1810F163395F}.Release|Any CPU.ActiveCfg = Release|Any CPU
		{B88619A1-4773-4FC4-A2C4-1810F163395F}.Release|Any CPU.Build.0 = Release|Any CPU
	EndGlobalSection
	GlobalSection(SolutionProperties) = preSolution
		HideSolutionNode = FALSE
	EndGlobalSection
	GlobalSection(ExtensibilityGlobals) = postSolution
		SolutionGuid = {617B1733-12F9-4CFE-9208-C7D614104B1B}
	EndGlobalSection
EndGlobal
